// !$*UTF8*$!
{
	archiveVersion = 1;
	classes = {
	};
	objectVersion = 56;
	objects = {

/* Begin PBXBuildFile section */
		407871D82A9E7DD600924577 /* AppDelegate.swift in Sources */ = {isa = PBXBuildFile; fileRef = 407871D72A9E7DD600924577 /* AppDelegate.swift */; };
		407871DA2A9E7DD600924577 /* SceneDelegate.swift in Sources */ = {isa = PBXBuildFile; fileRef = 407871D92A9E7DD600924577 /* SceneDelegate.swift */; };
		407871DC2A9E7DD600924577 /* ViewController.swift in Sources */ = {isa = PBXBuildFile; fileRef = 407871DB2A9E7DD600924577 /* ViewController.swift */; };
		407871DF2A9E7DD600924577 /* Main.storyboard in Resources */ = {isa = PBXBuildFile; fileRef = 407871DD2A9E7DD600924577 /* Main.storyboard */; };
		407871E12A9E7DD700924577 /* Assets.xcassets in Resources */ = {isa = PBXBuildFile; fileRef = 407871E02A9E7DD700924577 /* Assets.xcassets */; };
		407871E42A9E7DD700924577 /* LaunchScreen.storyboard in Resources */ = {isa = PBXBuildFile; fileRef = 407871E22A9E7DD700924577 /* LaunchScreen.storyboard */; };
		407871ED2A9E811D00924577 /* SettingsCell.swift in Sources */ = {isa = PBXBuildFile; fileRef = 407871EB2A9E811D00924577 /* SettingsCell.swift */; };
		407871EE2A9E811D00924577 /* SettingsCell.xib in Resources */ = {isa = PBXBuildFile; fileRef = 407871EC2A9E811D00924577 /* SettingsCell.xib */; };
		40FB0C172AA39F08009FA5FD /* HeaderCell.swift in Sources */ = {isa = PBXBuildFile; fileRef = 40FB0C152AA39F08009FA5FD /* HeaderCell.swift */; };
		40FB0C182AA39F08009FA5FD /* HeaderCell.xib in Resources */ = {isa = PBXBuildFile; fileRef = 40FB0C162AA39F08009FA5FD /* HeaderCell.xib */; };
/* End PBXBuildFile section */

/* Begin PBXFileReference section */
		407871D42A9E7DD600924577 /* SettingsDemo.app */ = {isa = PBXFileReference; explicitFileType = wrapper.application; includeInIndex = 0; path = SettingsDemo.app; sourceTree = BUILT_PRODUCTS_DIR; };
		407871D72A9E7DD600924577 /* AppDelegate.swift */ = {isa = PBXFileReference; lastKnownFileType = sourcecode.swift; path = AppDelegate.swift; sourceTree = "<group>"; };
		407871D92A9E7DD600924577 /* SceneDelegate.swift */ = {isa = PBXFileReference; lastKnownFileType = sourcecode.swift; path = SceneDelegate.swift; sourceTree = "<group>"; };
		407871DB2A9E7DD600924577 /* ViewController.swift */ = {isa = PBXFileReference; lastKnownFileType = sourcecode.swift; path = ViewController.swift; sourceTree = "<group>"; };
		407871DE2A9E7DD600924577 /* Base */ = {isa = PBXFileReference; lastKnownFileType = file.storyboard; name = Base; path = Base.lproj/Main.storyboard; sourceTree = "<group>"; };
		407871E02A9E7DD700924577 /* Assets.xcassets */ = {isa = PBXFileReference; lastKnownFileType = folder.assetcatalog; path = Assets.xcassets; sourceTree = "<group>"; };
		407871E32A9E7DD700924577 /* Base */ = {isa = PBXFileReference; lastKnownFileType = file.storyboard; name = Base; path = Base.lproj/LaunchScreen.storyboard; sourceTree = "<group>"; };
		407871E52A9E7DD700924577 /* Info.plist */ = {isa = PBXFileReference; lastKnownFileType = text.plist.xml; path = Info.plist; sourceTree = "<group>"; };
		407871EB2A9E811D00924577 /* SettingsCell.swift */ = {isa = PBXFileReference; lastKnownFileType = sourcecode.swift; path = SettingsCell.swift; sourceTree = "<group>"; };
		407871EC2A9E811D00924577 /* SettingsCell.xib */ = {isa = PBXFileReference; lastKnownFileType = file.xib; path = SettingsCell.xib; sourceTree = "<group>"; };
		40FB0C152AA39F08009FA5FD /* HeaderCell.swift */ = {isa = PBXFileReference; lastKnownFileType = sourcecode.swift; path = HeaderCell.swift; sourceTree = "<group>"; };
		40FB0C162AA39F08009FA5FD /* HeaderCell.xib */ = {isa = PBXFileReference; lastKnownFileType = file.xib; path = HeaderCell.xib; sourceTree = "<group>"; };
/* End PBXFileReference section */

/* Begin PBXFrameworksBuildPhase section */
		407871D12A9E7DD600924577 /* Frameworks */ = {
			isa = PBXFrameworksBuildPhase;
			buildActionMask = 2147483647;
			files = (
			);
			runOnlyForDeploymentPostprocessing = 0;
		};
/* End PBXFrameworksBuildPhase section */

/* Begin PBXGroup section */
		407871CB2A9E7DD600924577 = {
			isa = PBXGroup;
			children = (
				407871D62A9E7DD600924577 /* SettingsDemo */,
				407871D52A9E7DD600924577 /* Products */,
			);
			sourceTree = "<group>";
		};
		407871D52A9E7DD600924577 /* Products */ = {
			isa = PBXGroup;
			children = (
				407871D42A9E7DD600924577 /* SettingsDemo.app */,
			);
			name = Products;
			sourceTree = "<group>";
		};
		407871D62A9E7DD600924577 /* SettingsDemo */ = {
			isa = PBXGroup;
			children = (
				407871D72A9E7DD600924577 /* AppDelegate.swift */,
				407871D92A9E7DD600924577 /* SceneDelegate.swift */,
				407871DB2A9E7DD600924577 /* ViewController.swift */,
				407871DD2A9E7DD600924577 /* Main.storyboard */,
				407871E02A9E7DD700924577 /* Assets.xcassets */,
				407871E22A9E7DD700924577 /* LaunchScreen.storyboard */,
				407871E52A9E7DD700924577 /* Info.plist */,
				407871EB2A9E811D00924577 /* SettingsCell.swift */,
				407871EC2A9E811D00924577 /* SettingsCell.xib */,
				40FB0C152AA39F08009FA5FD /* HeaderCell.swift */,
				40FB0C162AA39F08009FA5FD /* HeaderCell.xib */,
			);
			path = SettingsDemo;
			sourceTree = "<group>";
		};
/* End PBXGroup section */

/* Begin PBXNativeTarget section */
		407871D32A9E7DD600924577 /* SettingsDemo */ = {
			isa = PBXNativeTarget;
			buildConfigurationList = 407871E82A9E7DD700924577 /* Build configuration list for PBXNativeTarget "SettingsDemo" */;
			buildPhases = (
				407871D02A9E7DD600924577 /* Sources */,
				407871D12A9E7DD600924577 /* Frameworks */,
				407871D22A9E7DD600924577 /* Resources */,
			);
			buildRules = (
			);
			dependencies = (
			);
			name = SettingsDemo;
			productName = SettingsDemo;
			productReference = 407871D42A9E7DD600924577 /* SettingsDemo.app */;
			productType = "com.apple.product-type.application";
		};
/* End PBXNativeTarget section */

/* Begin PBXProject section */
		407871CC2A9E7DD600924577 /* Project object */ = {
			isa = PBXProject;
			attributes = {
				BuildIndependentTargetsInParallel = 1;
				LastSwiftUpdateCheck = 1430;
				LastUpgradeCheck = 1430;
				TargetAttributes = {
					407871D32A9E7DD600924577 = {
						CreatedOnToolsVersion = 14.3.1;
					};
				};
			};
			buildConfigurationList = 407871CF2A9E7DD600924577 /* Build configuration list for PBXProject "SettingsDemo" */;
			compatibilityVersion = "Xcode 14.0";
			developmentRegion = en;
			hasScannedForEncodings = 0;
			knownRegions = (
				en,
				Base,
			);
			mainGroup = 407871CB2A9E7DD600924577;
			productRefGroup = 407871D52A9E7DD600924577 /* Products */;
			projectDirPath = "";
			projectRoot = "";
			targets = (
				407871D32A9E7DD600924577 /* SettingsDemo */,
			);
		};
/* End PBXProject section */

/* Begin PBXResourcesBuildPhase section */
		407871D22A9E7DD600924577 /* Resources */ = {
			isa = PBXResourcesBuildPhase;
			buildActionMask = 2147483647;
			files = (
				40FB0C182AA39F08009FA5FD /* HeaderCell.xib in Resources */,
				407871E42A9E7DD700924577 /* LaunchScreen.storyboard in Resources */,
				407871E12A9E7DD700924577 /* Assets.xcassets in Resources */,
				407871EE2A9E811D00924577 /* SettingsCell.xib in Resources */,
				407871DF2A9E7DD600924577 /* Main.storyboard in Resources */,
			);
			runOnlyForDeploymentPostprocessing = 0;
		};
/* End PBXResourcesBuildPhase section */

/* Begin PBXSourcesBuildPhase section */
		407871D02A9E7DD600924577 /* Sources */ = {
			isa = PBXSourcesBuildPhase;
			buildActionMask = 2147483647;
			files = (
				407871DC2A9E7DD600924577 /* ViewController.swift in Sources */,
				40FB0C172AA39F08009FA5FD /* HeaderCell.swift in Sources */,
				407871D82A9E7DD600924577 /* AppDelegate.swift in Sources */,
				407871ED2A9E811D00924577 /* SettingsCell.swift in Sources */,
				407871DA2A9E7DD600924577 /* SceneDelegate.swift in Sources */,
			);
			runOnlyForDeploymentPostprocessing = 0;
		};
/* End PBXSourcesBuildPhase section */

/* Begin PBXVariantGroup section */
		407871DD2A9E7DD600924577 /* Main.storyboard */ = {
			isa = PBXVariantGroup;
			children = (
				407871DE2A9E7DD600924577 /* Base */,
			);
			name = Main.storyboard;
			sourceTree = "<group>";
		};
		407871E22A9E7DD700924577 /* LaunchScreen.storyboard */ = {
			isa = PBXVariantGroup;
			children = (
				407871E32A9E7DD700924577 /* Base */,
			);
			name = LaunchScreen.storyboard;
			sourceTree = "<group>";
		};
/* End PBXVariantGroup section */

/* Begin XCBuildConfiguration section */
		407871E62A9E7DD700924577 /* Debug */ = {
			isa = XCBuildConfiguration;
			buildSettings = {
				ALWAYS_SEARCH_USER_PATHS = NO;
				CLANG_ANALYZER_NONNULL = YES;
				CLANG_ANALYZER_NUMBER_OBJECT_CONVERSION = YES_AGGRESSIVE;
				CLANG_CXX_LANGUAGE_STANDARD = "gnu++20";
				CLANG_ENABLE_MODULES = YES;
				CLANG_ENABLE_OBJC_ARC = YES;
				CLANG_ENABLE_OBJC_WEAK = YES;
				CLANG_WARN_BLOCK_CAPTURE_AUTORELEASING = YES;
				CLANG_WARN_BOOL_CONVERSION = YES;
				CLANG_WARN_COMMA = YES;
				CLANG_WARN_CONSTANT_CONVERSION = YES;
				CLANG_WARN_DEPRECATED_OBJC_IMPLEMENTATIONS = YES;
				CLANG_WARN_DIRECT_OBJC_ISA_USAGE = YES_ERROR;
				CLANG_WARN_DOCUMENTATION_COMMENTS = YES;
				CLANG_WARN_EMPTY_BODY = YES;
				CLANG_WARN_ENUM_CONVERSION = YES;
				CLANG_WARN_INFINITE_RECURSION = YES;
				CLANG_WARN_INT_CONVERSION = YES;
				CLANG_WARN_NON_LITERAL_NULL_CONVERSION = YES;
				CLANG_WARN_OBJC_IMPLICIT_RETAIN_SELF = YES;
				CLANG_WARN_OBJC_LITERAL_CONVERSION = YES;
				CLANG_WARN_OBJC_ROOT_CLASS = YES_ERROR;
				CLANG_WARN_QUOTED_INCLUDE_IN_FRAMEWORK_HEADER = YES;
				CLANG_WARN_RANGE_LOOP_ANALYSIS = YES;
				CLANG_WARN_STRICT_PROTOTYPES = YES;
				CLANG_WARN_SUSPICIOUS_MOVE = YES;
				CLANG_WARN_UNGUARDED_AVAILABILITY = YES_AGGRESSIVE;
				CLANG_WARN_UNREACHABLE_CODE = YES;
				CLANG_WARN__DUPLICATE_METHOD_MATCH = YES;
				COPY_PHASE_STRIP = NO;
				DEBUG_INFORMATION_FORMAT = dwarf;
				ENABLE_STRICT_OBJC_MSGSEND = YES;
				ENABLE_TESTABILITY = YES;
				GCC_C_LANGUAGE_STANDARD = gnu11;
				GCC_DYNAMIC_NO_PIC = NO;
				GCC_NO_COMMON_BLOCKS = YES;
				GCC_OPTIMIZATION_LEVEL = 0;
				GCC_PREPROCESSOR_DEFINITIONS = (
					"DEBUG=1",
					"$(inherited)",
				);
				GCC_WARN_64_TO_32_BIT_CONVERSION = YES;
				GCC_WARN_ABOUT_RETURN_TYPE = YES_ERROR;
				GCC_WARN_UNDECLARED_SELECTOR = YES;
				GCC_WARN_UNINITIALIZED_AUTOS = YES_AGGRESSIVE;
				GCC_WARN_UNUSED_FUNCTION = YES;
				GCC_WARN_UNUSED_VARIABLE = YES;
				IPHONEOS_DEPLOYMENT_TARGET = 16.4;
				MTL_ENABLE_DEBUG_INFO = INCLUDE_SOURCE;
				MTL_FAST_MATH = YES;
				ONLY_ACTIVE_ARCH = YES;
				SDKROOT = iphoneos;
				SWIFT_ACTIVE_COMPILATION_CONDITIONS = DEBUG;
				SWIFT_OPTIMIZATION_LEVEL = "-Onone";
			};
			name = Debug;
		};
		407871E72A9E7DD700924577 /* Release */ = {
			isa = XCBuildConfiguration;
			buildSettings = {
				ALWAYS_SEARCH_USER_PATHS = NO;
				CLANG_ANALYZER_NONNULL = YES;
				CLANG_ANALYZER_NUMBER_OBJECT_CONVERSION = YES_AGGRESSIVE;
				CLANG_CXX_LANGUAGE_STANDARD = "gnu++20";
				CLANG_ENABLE_MODULES = YES;
				CLANG_ENABLE_OBJC_ARC = YES;
				CLANG_ENABLE_OBJC_WEAK = YES;
				CLANG_WARN_BLOCK_CAPTURE_AUTORELEASING = YES;
				CLANG_WARN_BOOL_CONVERSION = YES;
				CLANG_WARN_COMMA = YES;
				CLANG_WARN_CONSTANT_CONVERSION = YES;
				CLANG_WARN_DEPRECATED_OBJC_IMPLEMENTATIONS = YES;
				CLANG_WARN_DIRECT_OBJC_ISA_USAGE = YES_ERROR;
				CLANG_WARN_DOCUMENTATION_COMMENTS = YES;
				CLANG_WARN_EMPTY_BODY = YES;
				CLANG_WARN_ENUM_CONVERSION = YES;
				CLANG_WARN_INFINITE_RECURSION = YES;
				CLANG_WARN_INT_CONVERSION = YES;
				CLANG_WARN_NON_LITERAL_NULL_CONVERSION = YES;
				CLANG_WARN_OBJC_IMPLICIT_RETAIN_SELF = YES;
				CLANG_WARN_OBJC_LITERAL_CONVERSION = YES;
				CLANG_WARN_OBJC_ROOT_CLASS = YES_ERROR;
				CLANG_WARN_QUOTED_INCLUDE_IN_FRAMEWORK_HEADER = YES;
				CLANG_WARN_RANGE_LOOP_ANALYSIS = YES;
				CLANG_WARN_STRICT_PROTOTYPES = YES;
				CLANG_WARN_SUSPICIOUS_MOVE = YES;
				CLANG_WARN_UNGUARDED_AVAILABILITY = YES_AGGRESSIVE;
				CLANG_WARN_UNREACHABLE_CODE = YES;
				CLANG_WARN__DUPLICATE_METHOD_MATCH = YES;
				COPY_PHASE_STRIP = NO;
				DEBUG_INFORMATION_FORMAT = "dwarf-with-dsym";
				ENABLE_NS_ASSERTIONS = NO;
				ENABLE_STRICT_OBJC_MSGSEND = YES;
				GCC_C_LANGUAGE_STANDARD = gnu11;
				GCC_NO_COMMON_BLOCKS = YES;
				GCC_WARN_64_TO_32_BIT_CONVERSION = YES;
				GCC_WARN_ABOUT_RETURN_TYPE = YES_ERROR;
				GCC_WARN_UNDECLARED_SELECTOR = YES;
				GCC_WARN_UNINITIALIZED_AUTOS = YES_AGGRESSIVE;
				GCC_WARN_UNUSED_FUNCTION = YES;
				GCC_WARN_UNUSED_VARIABLE = YES;
				IPHONEOS_DEPLOYMENT_TARGET = 16.4;
				MTL_ENABLE_DEBUG_INFO = NO;
				MTL_FAST_MATH = YES;
				SDKROOT = iphoneos;
				SWIFT_COMPILATION_MODE = wholemodule;
				SWIFT_OPTIMIZATION_LEVEL = "-O";
				VALIDATE_PRODUCT = YES;
			};
			name = Release;
		};
		407871E92A9E7DD700924577 /* Debug */ = {
			isa = XCBuildConfiguration;
			buildSettings = {
				ASSETCATALOG_COMPILER_APPICON_NAME = AppIcon;
				ASSETCATALOG_COMPILER_GLOBAL_ACCENT_COLOR_NAME = AccentColor;
				CODE_SIGN_STYLE = Automatic;
				CURRENT_PROJECT_VERSION = 1;
				DEVELOPMENT_TEAM = K436L5CSP7;
				GENERATE_INFOPLIST_FILE = YES;
				INFOPLIST_FILE = SettingsDemo/Info.plist;
				INFOPLIST_KEY_UIApplicationSupportsIndirectInputEvents = YES;
				INFOPLIST_KEY_UILaunchStoryboardName = LaunchScreen;
				INFOPLIST_KEY_UIMainStoryboardFile = Main;
				INFOPLIST_KEY_UISupportedInterfaceOrientations_iPad = "UIInterfaceOrientationPortrait UIInterfaceOrientationPortraitUpsideDown UIInterfaceOrientationLandscapeLeft UIInterfaceOrientationLandscapeRight";
				INFOPLIST_KEY_UISupportedInterfaceOrientations_iPhone = "UIInterfaceOrientationPortrait UIInterfaceOrientationLandscapeLeft UIInterfaceOrientationLandscapeRight";
				LD_RUNPATH_SEARCH_PATHS = (
					"$(inherited)",
					"@executable_path/Frameworks",
				);
				MARKETING_VERSION = 1.0;
				PRODUCT_BUNDLE_IDENTIFIER = io.io.SettingsDemo;
				PRODUCT_NAME = "$(TARGET_NAME)";
				SWIFT_EMIT_LOC_STRINGS = YES;
				SWIFT_VERSION = 5.0;
				TARGETED_DEVICE_FAMILY = "1,2";
			};
			name = Debug;
		};
		407871EA2A9E7DD700924577 /* Release */ = {
			isa = XCBuildConfiguration;
			buildSettings = {
				ASSETCATALOG_COMPILER_APPICON_NAME = AppIcon;
				ASSETCATALOG_COMPILER_GLOBAL_ACCENT_COLOR_NAME = AccentColor;
				CODE_SIGN_STYLE = Automatic;
				CURRENT_PROJECT_VERSION = 1;
				DEVELOPMENT_TEAM = K436L5CSP7;
				GENERATE_INFOPLIST_FILE = YES;
				INFOPLIST_FILE = SettingsDemo/Info.plist;
				INFOPLIST_KEY_UIApplicationSupportsIndirectInputEvents = YES;
				INFOPLIST_KEY_UILaunchStoryboardName = LaunchScreen;
				INFOPLIST_KEY_UIMainStoryboardFile = Main;
				INFOPLIST_KEY_UISupportedInterfaceOrientations_iPad = "UIInterfaceOrientationPortrait UIInterfaceOrientationPortraitUpsideDown UIInterfaceOrientationLandscapeLeft UIInterfaceOrientationLandscapeRight";
				INFOPLIST_KEY_UISupportedInterfaceOrientations_iPhone = "UIInterfaceOrientationPortrait UIInterfaceOrientationLandscapeLeft UIInterfaceOrientationLandscapeRight";
				LD_RUNPATH_SEARCH_PATHS = (
					"$(inherited)",
					"@executable_path/Frameworks",
				);
				MARKETING_VERSION = 1.0;
				PRODUCT_BUNDLE_IDENTIFIER = io.io.SettingsDemo;
				PRODUCT_NAME = "$(TARGET_NAME)";
				SWIFT_EMIT_LOC_STRINGS = YES;
				SWIFT_VERSION = 5.0;
				TARGETED_DEVICE_FAMILY = "1,2";
			};
			name = Release;
		};
/* End XCBuildConfiguration section */

/* Begin XCConfigurationList section */
		407871CF2A9E7DD600924577 /* Build configuration list for PBXProject "SettingsDemo" */ = {
			isa = XCConfigurationList;
			buildConfigurations = (
				407871E62A9E7DD700924577 /* Debug */,
				407871E72A9E7DD700924577 /* Release */,
			);
			defaultConfigurationIsVisible = 0;
			defaultConfigurationName = Release;
		};
		407871E82A9E7DD700924577 /* Build configuration list for PBXNativeTarget "SettingsDemo" */ = {
			isa = XCConfigurationList;
			buildConfigurations = (
				407871E92A9E7DD700924577 /* Debug */,
				407871EA2A9E7DD700924577 /* Release */,
			);
			defaultConfigurationIsVisible = 0;
			defaultConfigurationName = Release;
		};
/* End XCConfigurationList section */
	};
	rootObject = 407871CC2A9E7DD600924577 /* Project object */;
}
